
Microsoft Visual Studio Solution File, Format Version 12.00
# Visual Studio 2013
VisualStudioVersion = 12.0.40629.0
MinimumVisualStudioVersion = 10.0.40219.1
Project("{FAE04EC0-301F-11D3-BF4B-00C04F79EFBC}") = "Server", "Socket\Server.csproj", "{119CF49D-D66B-4AF6-BE7B-1D697D2C9808}"
EndProject
Project("{FAE04EC0-301F-11D3-BF4B-00C04F79EFBC}") = "Update", "Client\Update.csproj", "{3B7C01A6-6824-4DB4-BD97-9A42DF46D7E3}"
EndProject
Project("{FAE04EC0-301F-11D3-BF4B-00C04F79EFBC}") = "Test", "Test\Test.csproj", "{B6D8617A-EFF2-417B-B05D-67DF72924D5A}"
EndProject
Global
	GlobalSection(SolutionConfigurationPlatforms) = preSolution
		Debug|Any CPU = Debug|Any CPU
		Release|Any CPU = Release|Any CPU
	EndGlobalSection
	GlobalSection(ProjectConfigurationPlatforms) = postSolution
		{119CF49D-D66B-4AF6-BE7B-1D697D2C9808}.Debug|Any CPU.ActiveCfg = Debug|Any CPU
		{119CF49D-D66B-4AF6-BE7B-1D697D2C9808}.Debug|Any CPU.Build.0 = Debug|Any CPU
		{119CF49D-D66B-4AF6-BE7B-1D697D2C9808}.Release|Any CPU.ActiveCfg = Release|Any CPU
		{119CF49D-D66B-4AF6-BE7B-1D697D2C9808}.Release|Any CPU.Build.0 = Release|Any CPU
		{3B7C01A6-6824-4DB4-BD97-9A42DF46D7E3}.Debug|Any CPU.ActiveCfg = Debug|Any CPU
		{3B7C01A6-6824-4DB4-BD97-9A42DF46D7E3}.Debug|Any CPU.Build.0 = Debug|Any CPU
		{3B7C01A6-6824-4DB4-BD97-9A42DF46D7E3}.Release|Any CPU.ActiveCfg = Release|Any CPU
		{3B7C01A6-6824-4DB4-BD97-9A42DF46D7E3}.Release|Any CPU.Build.0 = Release|Any CPU
		{B6D8617A-EFF2-417B-B05D-67DF72924D5A}.Debug|Any CPU.ActiveCfg = Debug|Any CPU
		{B6D8617A-EFF2-417B-B05D-67DF72924D5A}.Debug|Any CPU.Build.0 = Debug|Any CPU
		{B6D8617A-EFF2-417B-B05D-67DF72924D5A}.Release|Any CPU.ActiveCfg = Release|Any CPU
		{B6D8617A-EFF2-417B-B05D-67DF72924D5A}.Release|Any CPU.Build.0 = Release|Any CPU
	EndGlobalSection
	GlobalSection(SolutionProperties) = preSolution
		HideSolutionNode = FALSE
	EndGlobalSection
EndGlobal
